{
  "name": "node",
  "version": "1.0.0",
  "lockfileVersion": 1,
  "requires": true,
  "dependencies": {
    "@noble/hashes": {
      "version": "1.8.0",
      "resolved": "http://npm.pinming.org/@noble%2fhashes/-/hashes-1.8.0.tgz",
      "integrity": "sha512-jCs9ldd7NwzpgXDIf6P3+NrHh9/sD6CQdxHyjQI+h/6rDNo88ypBxxz45UDuZHz9r3tNz7N/VInSVoVdtXEI4A=="
    },
    "@paralleldrive/cuid2": {
      "version": "2.2.2",
      "resolved": "http://npm.pinming.org/@paralleldrive%2fcuid2/-/cuid2-2.2.2.tgz",
      "integrity": "sha512-ZOBkgDwEdoYVlSeRbYYXs0S9MejQofiVYoTbKzy/6GQa39/q5tQU2IX46+shYnUkpEl3wc+J6wRlar7r2EK2xA==",
      "requires": {
        "@noble/hashes": "^1.1.5"
      }
    },
    "asap": {
      "version": "2.0.6",
      "resolved": "http://npm.pinming.org/asap/-/asap-2.0.6.tgz",
      "integrity": "sha1-5QNHYR1+aQlDIIu9r+vLwvuGbUY="
    },
    "dezalgo": {
      "version": "1.0.4",
      "resolved": "http://npm.pinming.org/dezalgo/-/dezalgo-1.0.4.tgz",
      "integrity": "sha512-rXSP0bf+5n0Qonsb+SVVfNfIsimO4HEtmnIpPHY8Q1UCzKlQrDMfdobr8nJOOsRgWCyMRqeSBQzmWUMq7zvVig==",
      "requires": {
        "asap": "^2.0.0",
        "wrappy": "1"
      }
    },
    "formidable": {
      "version": "3.5.4",
      "resolved": "http://npm.pinming.org/formidable/-/formidable-3.5.4.tgz",
      "integrity": "sha512-YikH+7CUTOtP44ZTnUhR7Ic2UASBPOqmaRkRKxRbywPTe5VxF7RRCck4af9wutiZ/QKM5nME9Bie2fFaPz5Gug==",
      "requires": {
        "@paralleldrive/cuid2": "^2.2.2",
        "dezalgo": "^1.0.4",
        "once": "^1.4.0"
      }
    },
    "once": {
      "version": "1.4.0",
      "resolved": "https://registry.npmmirror.com/once/-/once-1.4.0.tgz",
      "requires": {
        "wrappy": "1"
      },
      "dependencies": {
        "wrappy": {
          "version": "1.0.2",
          "resolved": "https://registry.npmmirror.com/wrappy/-/wrappy-1.0.2.tgz"
        }
      }
    },
    "wrappy": {
      "version": "1.0.2",
      "resolved": "https://registry.npmmirror.com/wrappy/-/wrappy-1.0.2.tgz"
    }
  }
}
